
Microsoft Visual Studio Solution File, Format Version 12.00
# Visual Studio Version 16
VisualStudioVersion = 16.0.30516.212
MinimumVisualStudioVersion = 10.0.40219.1
Project("{9A19103F-16F7-4668-BE54-9A1E7A4F7556}") = "API", "API\API.csproj", "{01740E0A-F185-4968-B80E-26C4FA4E38B4}"
EndProject
Project("{2150E333-8FDC-42A3-9474-1A3956D46DE8}") = "UserAccess", "UserAccess", "{F885255D-987C-46D0-9123-CE359C2E5910}"
EndProject
Project("{2150E333-8FDC-42A3-9474-1A3956D46DE8}") = "Support", "Support", "{D5A4EBAC-9B99-4A72-B7A2-410225DAF0B5}"
EndProject
Project("{2150E333-8FDC-42A3-9474-1A3956D46DE8}") = "Tests", "Tests", "{5BBA207F-C1BE-455B-B5A3-FDB8A491F80A}"
EndProject
Project("{9A19103F-16F7-4668-BE54-9A1E7A4F7556}") = "Application", "Support\Application\Application.csproj", "{2CC5F592-304D-4E54-8E46-7312F8915E42}"
EndProject
Project("{9A19103F-16F7-4668-BE54-9A1E7A4F7556}") = "Domain", "Support\Domain\Domain.csproj", "{F5AD52B1-606A-419D-84C2-3C165864E87E}"
EndProject
Project("{9A19103F-16F7-4668-BE54-9A1E7A4F7556}") = "Infrastructure", "Support\Infrastructure\Infrastructure.csproj", "{9AD20AF7-CA56-40E8-9375-E912AF03DB5D}"
EndProject
Project("{9A19103F-16F7-4668-BE54-9A1E7A4F7556}") = "IntegrationTests", "Support\IntegrationTests\IntegrationTests.csproj", "{6579C8C3-21B2-41AE-B236-65ED6D8AAC78}"
EndProject
Project("{9A19103F-16F7-4668-BE54-9A1E7A4F7556}") = "UnitTests", "Support\UnitTests\UnitTests.csproj", "{69F80FE8-B5EA-4888-AD0A-CC4F09539AA1}"
EndProject
Project("{2150E333-8FDC-42A3-9474-1A3956D46DE8}") = "Common", "Common", "{30742C7A-71E5-4D78-8D96-12FAB0025FA4}"
EndProject
Project("{9A19103F-16F7-4668-BE54-9A1E7A4F7556}") = "Application", "UserAccess\Application\Application.csproj", "{15B5C6E6-7EF1-4B2E-8184-F15CAB8219DF}"
EndProject
Project("{9A19103F-16F7-4668-BE54-9A1E7A4F7556}") = "Domain", "UserAccess\Domain\Domain.csproj", "{64D43D87-D197-443C-A1C7-83FDF1323949}"
EndProject
Project("{9A19103F-16F7-4668-BE54-9A1E7A4F7556}") = "Infrastructure", "UserAccess\Infrastructure\Infrastructure.csproj", "{E5023F78-6A71-4F2A-B25E-E3076086A2CF}"
EndProject
Project("{2150E333-8FDC-42A3-9474-1A3956D46DE8}") = "Tests", "Tests", "{2D82EE05-71E6-412F-AAA0-8449ACC52232}"
EndProject
Project("{9A19103F-16F7-4668-BE54-9A1E7A4F7556}") = "UnitTests", "UserAccess\Tests\UnitTests\UnitTests.csproj", "{A009514D-15B6-47A5-89C3-AFDC61337FD1}"
EndProject
Project("{9A19103F-16F7-4668-BE54-9A1E7A4F7556}") = "IntegrationTests", "UserAccess\Tests\IntegrationTests\IntegrationTests.csproj", "{918AE560-EFEB-4A13-886D-7A049DC19A4A}"
EndProject
Project("{9A19103F-16F7-4668-BE54-9A1E7A4F7556}") = "Infrastructure", "Common\Infrastructure\Infrastructure.csproj", "{D11313DF-4845-47ED-99ED-6C33E6D941FC}"
EndProject
Project("{9A19103F-16F7-4668-BE54-9A1E7A4F7556}") = "Domain", "Common\Domain\Domain.csproj", "{037265BE-C4A0-480E-9F10-1F7DDB00A8D7}"
EndProject
Project("{2150E333-8FDC-42A3-9474-1A3956D46DE8}") = "Tests", "Tests", "{509941ED-59C0-48FC-9B17-0C08057C4534}"
EndProject
Project("{9A19103F-16F7-4668-BE54-9A1E7A4F7556}") = "Application", "Common\Application\Application.csproj", "{804DCD32-5FC4-4AF6-B4FB-3E80E60E5C43}"
EndProject
Project("{9A19103F-16F7-4668-BE54-9A1E7A4F7556}") = "IntegrationTests", "Common\Tests\IntegrationTests\IntegrationTests.csproj", "{9C7F4495-4761-4732-BD0F-9A4777766382}"
EndProject
Project("{9A19103F-16F7-4668-BE54-9A1E7A4F7556}") = "UnitTests", "Common\Tests\UnitTests\UnitTests.csproj", "{92742DA7-2CC3-48AC-93A6-80D9105DB4D6}"
EndProject
Global
	GlobalSection(SolutionConfigurationPlatforms) = preSolution
		Debug|Any CPU = Debug|Any CPU
		Release|Any CPU = Release|Any CPU
	EndGlobalSection
	GlobalSection(ProjectConfigurationPlatforms) = postSolution
		{01740E0A-F185-4968-B80E-26C4FA4E38B4}.Debug|Any CPU.ActiveCfg = Debug|Any CPU
		{01740E0A-F185-4968-B80E-26C4FA4E38B4}.Debug|Any CPU.Build.0 = Debug|Any CPU
		{01740E0A-F185-4968-B80E-26C4FA4E38B4}.Release|Any CPU.ActiveCfg = Release|Any CPU
		{01740E0A-F185-4968-B80E-26C4FA4E38B4}.Release|Any CPU.Build.0 = Release|Any CPU
		{2CC5F592-304D-4E54-8E46-7312F8915E42}.Debug|Any CPU.ActiveCfg = Debug|Any CPU
		{2CC5F592-304D-4E54-8E46-7312F8915E42}.Debug|Any CPU.Build.0 = Debug|Any CPU
		{2CC5F592-304D-4E54-8E46-7312F8915E42}.Release|Any CPU.ActiveCfg = Release|Any CPU
		{2CC5F592-304D-4E54-8E46-7312F8915E42}.Release|Any CPU.Build.0 = Release|Any CPU
		{F5AD52B1-606A-419D-84C2-3C165864E87E}.Debug|Any CPU.ActiveCfg = Debug|Any CPU
		{F5AD52B1-606A-419D-84C2-3C165864E87E}.Debug|Any CPU.Build.0 = Debug|Any CPU
		{F5AD52B1-606A-419D-84C2-3C165864E87E}.Release|Any CPU.ActiveCfg = Release|Any CPU
		{F5AD52B1-606A-419D-84C2-3C165864E87E}.Release|Any CPU.Build.0 = Release|Any CPU
		{9AD20AF7-CA56-40E8-9375-E912AF03DB5D}.Debug|Any CPU.ActiveCfg = Debug|Any CPU
		{9AD20AF7-CA56-40E8-9375-E912AF03DB5D}.Debug|Any CPU.Build.0 = Debug|Any CPU
		{9AD20AF7-CA56-40E8-9375-E912AF03DB5D}.Release|Any CPU.ActiveCfg = Release|Any CPU
		{9AD20AF7-CA56-40E8-9375-E912AF03DB5D}.Release|Any CPU.Build.0 = Release|Any CPU
		{6579C8C3-21B2-41AE-B236-65ED6D8AAC78}.Debug|Any CPU.ActiveCfg = Debug|Any CPU
		{6579C8C3-21B2-41AE-B236-65ED6D8AAC78}.Debug|Any CPU.Build.0 = Debug|Any CPU
		{6579C8C3-21B2-41AE-B236-65ED6D8AAC78}.Release|Any CPU.ActiveCfg = Release|Any CPU
		{6579C8C3-21B2-41AE-B236-65ED6D8AAC78}.Release|Any CPU.Build.0 = Release|Any CPU
		{69F80FE8-B5EA-4888-AD0A-CC4F09539AA1}.Debug|Any CPU.ActiveCfg = Debug|Any CPU
		{69F80FE8-B5EA-4888-AD0A-CC4F09539AA1}.Debug|Any CPU.Build.0 = Debug|Any CPU
		{69F80FE8-B5EA-4888-AD0A-CC4F09539AA1}.Release|Any CPU.ActiveCfg = Release|Any CPU
		{69F80FE8-B5EA-4888-AD0A-CC4F09539AA1}.Release|Any CPU.Build.0 = Release|Any CPU
		{15B5C6E6-7EF1-4B2E-8184-F15CAB8219DF}.Debug|Any CPU.ActiveCfg = Debug|Any CPU
		{15B5C6E6-7EF1-4B2E-8184-F15CAB8219DF}.Debug|Any CPU.Build.0 = Debug|Any CPU
		{15B5C6E6-7EF1-4B2E-8184-F15CAB8219DF}.Release|Any CPU.ActiveCfg = Release|Any CPU
		{15B5C6E6-7EF1-4B2E-8184-F15CAB8219DF}.Release|Any CPU.Build.0 = Release|Any CPU
		{64D43D87-D197-443C-A1C7-83FDF1323949}.Debug|Any CPU.ActiveCfg = Debug|Any CPU
		{64D43D87-D197-443C-A1C7-83FDF1323949}.Debug|Any CPU.Build.0 = Debug|Any CPU
		{64D43D87-D197-443C-A1C7-83FDF1323949}.Release|Any CPU.ActiveCfg = Release|Any CPU
		{64D43D87-D197-443C-A1C7-83FDF1323949}.Release|Any CPU.Build.0 = Release|Any CPU
		{E5023F78-6A71-4F2A-B25E-E3076086A2CF}.Debug|Any CPU.ActiveCfg = Debug|Any CPU
		{E5023F78-6A71-4F2A-B25E-E3076086A2CF}.Debug|Any CPU.Build.0 = Debug|Any CPU
		{E5023F78-6A71-4F2A-B25E-E3076086A2CF}.Release|Any CPU.ActiveCfg = Release|Any CPU
		{E5023F78-6A71-4F2A-B25E-E3076086A2CF}.Release|Any CPU.Build.0 = Release|Any CPU
		{A009514D-15B6-47A5-89C3-AFDC61337FD1}.Debug|Any CPU.ActiveCfg = Debug|Any CPU
		{A009514D-15B6-47A5-89C3-AFDC61337FD1}.Debug|Any CPU.Build.0 = Debug|Any CPU
		{A009514D-15B6-47A5-89C3-AFDC61337FD1}.Release|Any CPU.ActiveCfg = Release|Any CPU
		{A009514D-15B6-47A5-89C3-AFDC61337FD1}.Release|Any CPU.Build.0 = Release|Any CPU
		{918AE560-EFEB-4A13-886D-7A049DC19A4A}.Debug|Any CPU.ActiveCfg = Debug|Any CPU
		{918AE560-EFEB-4A13-886D-7A049DC19A4A}.Debug|Any CPU.Build.0 = Debug|Any CPU
		{918AE560-EFEB-4A13-886D-7A049DC19A4A}.Release|Any CPU.ActiveCfg = Release|Any CPU
		{918AE560-EFEB-4A13-886D-7A049DC19A4A}.Release|Any CPU.Build.0 = Release|Any CPU
		{D11313DF-4845-47ED-99ED-6C33E6D941FC}.Debug|Any CPU.ActiveCfg = Debug|Any CPU
		{D11313DF-4845-47ED-99ED-6C33E6D941FC}.Debug|Any CPU.Build.0 = Debug|Any CPU
		{D11313DF-4845-47ED-99ED-6C33E6D941FC}.Release|Any CPU.ActiveCfg = Release|Any CPU
		{D11313DF-4845-47ED-99ED-6C33E6D941FC}.Release|Any CPU.Build.0 = Release|Any CPU
		{037265BE-C4A0-480E-9F10-1F7DDB00A8D7}.Debug|Any CPU.ActiveCfg = Debug|Any CPU
		{037265BE-C4A0-480E-9F10-1F7DDB00A8D7}.Debug|Any CPU.Build.0 = Debug|Any CPU
		{037265BE-C4A0-480E-9F10-1F7DDB00A8D7}.Release|Any CPU.ActiveCfg = Release|Any CPU
		{037265BE-C4A0-480E-9F10-1F7DDB00A8D7}.Release|Any CPU.Build.0 = Release|Any CPU
		{804DCD32-5FC4-4AF6-B4FB-3E80E60E5C43}.Debug|Any CPU.ActiveCfg = Debug|Any CPU
		{804DCD32-5FC4-4AF6-B4FB-3E80E60E5C43}.Debug|Any CPU.Build.0 = Debug|Any CPU
		{804DCD32-5FC4-4AF6-B4FB-3E80E60E5C43}.Release|Any CPU.ActiveCfg = Release|Any CPU
		{804DCD32-5FC4-4AF6-B4FB-3E80E60E5C43}.Release|Any CPU.Build.0 = Release|Any CPU
		{9C7F4495-4761-4732-BD0F-9A4777766382}.Debug|Any CPU.ActiveCfg = Debug|Any CPU
		{9C7F4495-4761-4732-BD0F-9A4777766382}.Debug|Any CPU.Build.0 = Debug|Any CPU
		{9C7F4495-4761-4732-BD0F-9A4777766382}.Release|Any CPU.ActiveCfg = Release|Any CPU
		{9C7F4495-4761-4732-BD0F-9A4777766382}.Release|Any CPU.Build.0 = Release|Any CPU
		{92742DA7-2CC3-48AC-93A6-80D9105DB4D6}.Debug|Any CPU.ActiveCfg = Debug|Any CPU
		{92742DA7-2CC3-48AC-93A6-80D9105DB4D6}.Debug|Any CPU.Build.0 = Debug|Any CPU
		{92742DA7-2CC3-48AC-93A6-80D9105DB4D6}.Release|Any CPU.ActiveCfg = Release|Any CPU
		{92742DA7-2CC3-48AC-93A6-80D9105DB4D6}.Release|Any CPU.Build.0 = Release|Any CPU
	EndGlobalSection
	GlobalSection(SolutionProperties) = preSolution
		HideSolutionNode = FALSE
	EndGlobalSection
	GlobalSection(NestedProjects) = preSolution
		{5BBA207F-C1BE-455B-B5A3-FDB8A491F80A} = {D5A4EBAC-9B99-4A72-B7A2-410225DAF0B5}
		{2CC5F592-304D-4E54-8E46-7312F8915E42} = {D5A4EBAC-9B99-4A72-B7A2-410225DAF0B5}
		{F5AD52B1-606A-419D-84C2-3C165864E87E} = {D5A4EBAC-9B99-4A72-B7A2-410225DAF0B5}
		{9AD20AF7-CA56-40E8-9375-E912AF03DB5D} = {D5A4EBAC-9B99-4A72-B7A2-410225DAF0B5}
		{6579C8C3-21B2-41AE-B236-65ED6D8AAC78} = {5BBA207F-C1BE-455B-B5A3-FDB8A491F80A}
		{69F80FE8-B5EA-4888-AD0A-CC4F09539AA1} = {5BBA207F-C1BE-455B-B5A3-FDB8A491F80A}
		{15B5C6E6-7EF1-4B2E-8184-F15CAB8219DF} = {F885255D-987C-46D0-9123-CE359C2E5910}
		{64D43D87-D197-443C-A1C7-83FDF1323949} = {F885255D-987C-46D0-9123-CE359C2E5910}
		{E5023F78-6A71-4F2A-B25E-E3076086A2CF} = {F885255D-987C-46D0-9123-CE359C2E5910}
		{2D82EE05-71E6-412F-AAA0-8449ACC52232} = {F885255D-987C-46D0-9123-CE359C2E5910}
		{A009514D-15B6-47A5-89C3-AFDC61337FD1} = {2D82EE05-71E6-412F-AAA0-8449ACC52232}
		{918AE560-EFEB-4A13-886D-7A049DC19A4A} = {2D82EE05-71E6-412F-AAA0-8449ACC52232}
		{D11313DF-4845-47ED-99ED-6C33E6D941FC} = {30742C7A-71E5-4D78-8D96-12FAB0025FA4}
		{037265BE-C4A0-480E-9F10-1F7DDB00A8D7} = {30742C7A-71E5-4D78-8D96-12FAB0025FA4}
		{509941ED-59C0-48FC-9B17-0C08057C4534} = {30742C7A-71E5-4D78-8D96-12FAB0025FA4}
		{804DCD32-5FC4-4AF6-B4FB-3E80E60E5C43} = {30742C7A-71E5-4D78-8D96-12FAB0025FA4}
		{9C7F4495-4761-4732-BD0F-9A4777766382} = {509941ED-59C0-48FC-9B17-0C08057C4534}
		{92742DA7-2CC3-48AC-93A6-80D9105DB4D6} = {509941ED-59C0-48FC-9B17-0C08057C4534}
	EndGlobalSection
	GlobalSection(ExtensibilityGlobals) = postSolution
		SolutionGuid = {7F01B797-4B23-4758-A080-FC8A9BEC0A16}
	EndGlobalSection
EndGlobal
